// !$*UTF8*$!
{
	archiveVersion = 1;
	classes = {
	};
	objectVersion = 56;
	objects = {

/* Begin PBXBuildFile section */
		1E8C7DC02A239BC8000D0BF3 /* RecipePlaceholder.swift in Sources */ = {isa = PBXBuildFile; fileRef = 1E8C7DBF2A239BC8000D0BF3 /* RecipePlaceholder.swift */; };
		1E8C7DC22A23D1AC000D0BF3 /* AuthorCard.swift in Sources */ = {isa = PBXBuildFile; fileRef = 1E8C7DC12A23D1AC000D0BF3 /* AuthorCard.swift */; };
		1EB4EB932A22AFE900CF5D35 /* AddRecipeView.swift in Sources */ = {isa = PBXBuildFile; fileRef = 1EB4EB922A22AFE900CF5D35 /* AddRecipeView.swift */; };
		1EB4EB952A22B5A400CF5D35 /* RecipesViewModel.swift in Sources */ = {isa = PBXBuildFile; fileRef = 1EB4EB942A22B5A400CF5D35 /* RecipesViewModel.swift */; };
		1EFB7EA22A1A87FD000FFCAA /* RecipesApp.swift in Sources */ = {isa = PBXBuildFile; fileRef = 1EFB7EA12A1A87FD000FFCAA /* RecipesApp.swift */; };
		1EFB7EA42A1A87FD000FFCAA /* ContentView.swift in Sources */ = {isa = PBXBuildFile; fileRef = 1EFB7EA32A1A87FD000FFCAA /* ContentView.swift */; };
		1EFB7EA62A1A8813000FFCAA /* Assets.xcassets in Resources */ = {isa = PBXBuildFile; fileRef = 1EFB7EA52A1A8813000FFCAA /* Assets.xcassets */; };
		1EFB7EA92A1A8813000FFCAA /* Preview Assets.xcassets in Resources */ = {isa = PBXBuildFile; fileRef = 1EFB7EA82A1A8813000FFCAA /* Preview Assets.xcassets */; };
		1EFB7EB62A1A8903000FFCAA /* HomeView.swift in Sources */ = {isa = PBXBuildFile; fileRef = 1EFB7EB52A1A8903000FFCAA /* HomeView.swift */; };
		1EFB7EB92A1A891D000FFCAA /* SettingsView.swift in Sources */ = {isa = PBXBuildFile; fileRef = 1EFB7EB82A1A891D000FFCAA /* SettingsView.swift */; };
		1EFB7EBB2A1A892D000FFCAA /* FavoritesView.swift in Sources */ = {isa = PBXBuildFile; fileRef = 1EFB7EBA2A1A892D000FFCAA /* FavoritesView.swift */; };
		1EFB7EBF2A1A895F000FFCAA /* CategoriesView.swift in Sources */ = {isa = PBXBuildFile; fileRef = 1EFB7EBE2A1A895F000FFCAA /* CategoriesView.swift */; };
		1EFB7EC12A1A8C49000FFCAA /* TabBar.swift in Sources */ = {isa = PBXBuildFile; fileRef = 1EFB7EC02A1A8C49000FFCAA /* TabBar.swift */; };
		1EFB7EC32A1A8DCD000FFCAA /* RecipeModel.swift in Sources */ = {isa = PBXBuildFile; fileRef = 1EFB7EC22A1A8DCD000FFCAA /* RecipeModel.swift */; };
		1EFB7EC52A1AD902000FFCAA /* RecipeCard.swift in Sources */ = {isa = PBXBuildFile; fileRef = 1EFB7EC42A1AD902000FFCAA /* RecipeCard.swift */; };
		1EFB7EC72A1ADCE6000FFCAA /* RecipeList.swift in Sources */ = {isa = PBXBuildFile; fileRef = 1EFB7EC62A1ADCE6000FFCAA /* RecipeList.swift */; };
		1EFB7EC92A1AE1F9000FFCAA /* RecipeView.swift in Sources */ = {isa = PBXBuildFile; fileRef = 1EFB7EC82A1AE1F9000FFCAA /* RecipeView.swift */; };
		1EFB7ECB2A1AEA95000FFCAA /* CategoryView.swift in Sources */ = {isa = PBXBuildFile; fileRef = 1EFB7ECA2A1AEA95000FFCAA /* CategoryView.swift */; };
/* End PBXBuildFile section */

/* Begin PBXFileReference section */
		1E8C7DBF2A239BC8000D0BF3 /* RecipePlaceholder.swift */ = {isa = PBXFileReference; lastKnownFileType = sourcecode.swift; path = RecipePlaceholder.swift; sourceTree = "<group>"; };
		1E8C7DC12A23D1AC000D0BF3 /* AuthorCard.swift */ = {isa = PBXFileReference; lastKnownFileType = sourcecode.swift; path = AuthorCard.swift; sourceTree = "<group>"; };
		1EB4EB922A22AFE900CF5D35 /* AddRecipeView.swift */ = {isa = PBXFileReference; lastKnownFileType = sourcecode.swift; path = AddRecipeView.swift; sourceTree = "<group>"; };
		1EB4EB942A22B5A400CF5D35 /* RecipesViewModel.swift */ = {isa = PBXFileReference; lastKnownFileType = sourcecode.swift; path = RecipesViewModel.swift; sourceTree = "<group>"; };
		1EFB7E9E2A1A87FD000FFCAA /* Recipes.app */ = {isa = PBXFileReference; explicitFileType = wrapper.application; includeInIndex = 0; path = Recipes.app; sourceTree = BUILT_PRODUCTS_DIR; };
		1EFB7EA12A1A87FD000FFCAA /* RecipesApp.swift */ = {isa = PBXFileReference; lastKnownFileType = sourcecode.swift; path = RecipesApp.swift; sourceTree = "<group>"; };
		1EFB7EA32A1A87FD000FFCAA /* ContentView.swift */ = {isa = PBXFileReference; lastKnownFileType = sourcecode.swift; path = ContentView.swift; sourceTree = "<group>"; };
		1EFB7EA52A1A8813000FFCAA /* Assets.xcassets */ = {isa = PBXFileReference; lastKnownFileType = folder.assetcatalog; path = Assets.xcassets; sourceTree = "<group>"; };
		1EFB7EA82A1A8813000FFCAA /* Preview Assets.xcassets */ = {isa = PBXFileReference; lastKnownFileType = folder.assetcatalog; path = "Preview Assets.xcassets"; sourceTree = "<group>"; };
		1EFB7EB52A1A8903000FFCAA /* HomeView.swift */ = {isa = PBXFileReference; lastKnownFileType = sourcecode.swift; path = HomeView.swift; sourceTree = "<group>"; };
		1EFB7EB82A1A891D000FFCAA /* SettingsView.swift */ = {isa = PBXFileReference; lastKnownFileType = sourcecode.swift; path = SettingsView.swift; sourceTree = "<group>"; };
		1EFB7EBA2A1A892D000FFCAA /* FavoritesView.swift */ = {isa = PBXFileReference; lastKnownFileType = sourcecode.swift; path = FavoritesView.swift; sourceTree = "<group>"; };
		1EFB7EBE2A1A895F000FFCAA /* CategoriesView.swift */ = {isa = PBXFileReference; lastKnownFileType = sourcecode.swift; path = CategoriesView.swift; sourceTree = "<group>"; };
		1EFB7EC02A1A8C49000FFCAA /* TabBar.swift */ = {isa = PBXFileReference; lastKnownFileType = sourcecode.swift; path = TabBar.swift; sourceTree = "<group>"; };
		1EFB7EC22A1A8DCD000FFCAA /* RecipeModel.swift */ = {isa = PBXFileReference; lastKnownFileType = sourcecode.swift; path = RecipeModel.swift; sourceTree = "<group>"; };
		1EFB7EC42A1AD902000FFCAA /* RecipeCard.swift */ = {isa = PBXFileReference; lastKnownFileType = sourcecode.swift; path = RecipeCard.swift; sourceTree = "<group>"; };
		1EFB7EC62A1ADCE6000FFCAA /* RecipeList.swift */ = {isa = PBXFileReference; lastKnownFileType = sourcecode.swift; path = RecipeList.swift; sourceTree = "<group>"; };
		1EFB7EC82A1AE1F9000FFCAA /* RecipeView.swift */ = {isa = PBXFileReference; lastKnownFileType = sourcecode.swift; path = RecipeView.swift; sourceTree = "<group>"; };
		1EFB7ECA2A1AEA95000FFCAA /* CategoryView.swift */ = {isa = PBXFileReference; lastKnownFileType = sourcecode.swift; path = CategoryView.swift; sourceTree = "<group>"; };
/* End PBXFileReference section */

/* Begin PBXFrameworksBuildPhase section */
		1EFB7E9B2A1A87FD000FFCAA /* Frameworks */ = {
			isa = PBXFrameworksBuildPhase;
			buildActionMask = 2147483647;
			files = (
			);
			runOnlyForDeploymentPostprocessing = 0;
		};
/* End PBXFrameworksBuildPhase section */

/* Begin PBXGroup section */
		1EFB7E952A1A87FD000FFCAA = {
			isa = PBXGroup;
			children = (
				1EFB7EA02A1A87FD000FFCAA /* Recipes */,
				1EFB7E9F2A1A87FD000FFCAA /* Products */,
			);
			sourceTree = "<group>";
		};
		1EFB7E9F2A1A87FD000FFCAA /* Products */ = {
			isa = PBXGroup;
			children = (
				1EFB7E9E2A1A87FD000FFCAA /* Recipes.app */,
			);
			name = Products;
			sourceTree = "<group>";
		};
		1EFB7EA02A1A87FD000FFCAA /* Recipes */ = {
			isa = PBXGroup;
			children = (
				1EFB7EB12A1A88CA000FFCAA /* ViewModels */,
				1EFB7EB02A1A88C3000FFCAA /* Models */,
				1EFB7EAF2A1A88BC000FFCAA /* Views */,
				1EFB7EA12A1A87FD000FFCAA /* RecipesApp.swift */,
				1EFB7EA52A1A8813000FFCAA /* Assets.xcassets */,
				1EFB7EA72A1A8813000FFCAA /* Preview Content */,
			);
			path = Recipes;
			sourceTree = "<group>";
		};
		1EFB7EA72A1A8813000FFCAA /* Preview Content */ = {
			isa = PBXGroup;
			children = (
				1EFB7EA82A1A8813000FFCAA /* Preview Assets.xcassets */,
			);
			path = "Preview Content";
			sourceTree = "<group>";
		};
		1EFB7EAF2A1A88BC000FFCAA /* Views */ = {
			isa = PBXGroup;
			children = (
				1EFB7EB42A1A88DF000FFCAA /* Components */,
				1EFB7EB32A1A88D9000FFCAA /* Detail */,
				1EFB7EB22A1A88D4000FFCAA /* Main */,
			);
			path = Views;
			sourceTree = "<group>";
		};
		1EFB7EB02A1A88C3000FFCAA /* Models */ = {
			isa = PBXGroup;
			children = (
				1EFB7EC22A1A8DCD000FFCAA /* RecipeModel.swift */,
			);
			path = Models;
			sourceTree = "<group>";
		};
		1EFB7EB12A1A88CA000FFCAA /* ViewModels */ = {
			isa = PBXGroup;
			children = (
				1EB4EB942A22B5A400CF5D35 /* RecipesViewModel.swift */,
			);
			path = ViewModels;
			sourceTree = "<group>";
		};
		1EFB7EB22A1A88D4000FFCAA /* Main */ = {
			isa = PBXGroup;
			children = (
				1EFB7EA32A1A87FD000FFCAA /* ContentView.swift */,
				1EFB7EC02A1A8C49000FFCAA /* TabBar.swift */,
				1EFB7EB52A1A8903000FFCAA /* HomeView.swift */,
				1EFB7EB82A1A891D000FFCAA /* SettingsView.swift */,
				1EFB7EBA2A1A892D000FFCAA /* FavoritesView.swift */,
				1EFB7EBE2A1A895F000FFCAA /* CategoriesView.swift */,
			);
			path = Main;
			sourceTree = "<group>";
		};
		1EFB7EB32A1A88D9000FFCAA /* Detail */ = {
			isa = PBXGroup;
			children = (
				1EFB7EC82A1AE1F9000FFCAA /* RecipeView.swift */,
				1EFB7ECA2A1AEA95000FFCAA /* CategoryView.swift */,
				1EB4EB922A22AFE900CF5D35 /* AddRecipeView.swift */,
			);
			path = Detail;
			sourceTree = "<group>";
		};
		1EFB7EB42A1A88DF000FFCAA /* Components */ = {
			isa = PBXGroup;
			children = (
				1EFB7EC42A1AD902000FFCAA /* RecipeCard.swift */,
				1EFB7EC62A1ADCE6000FFCAA /* RecipeList.swift */,
				1E8C7DBF2A239BC8000D0BF3 /* RecipePlaceholder.swift */,
				1E8C7DC12A23D1AC000D0BF3 /* AuthorCard.swift */,
			);
			path = Components;
			sourceTree = "<group>";
		};
/* End PBXGroup section */

/* Begin PBXNativeTarget section */
		1EFB7E9D2A1A87FD000FFCAA /* Recipes */ = {
			isa = PBXNativeTarget;
			buildConfigurationList = 1EFB7EAC2A1A8813000FFCAA /* Build configuration list for PBXNativeTarget "Recipes" */;
			buildPhases = (
				1EFB7E9A2A1A87FD000FFCAA /* Sources */,
				1EFB7E9B2A1A87FD000FFCAA /* Frameworks */,
				1EFB7E9C2A1A87FD000FFCAA /* Resources */,
			);
			buildRules = (
			);
			dependencies = (
			);
			name = Recipes;
			productName = Recipes;
			productReference = 1EFB7E9E2A1A87FD000FFCAA /* Recipes.app */;
			productType = "com.apple.product-type.application";
		};
/* End PBXNativeTarget section */

/* Begin PBXProject section */
		1EFB7E962A1A87FD000FFCAA /* Project object */ = {
			isa = PBXProject;
			attributes = {
				BuildIndependentTargetsInParallel = 1;
				LastSwiftUpdateCheck = 1410;
				LastUpgradeCheck = 1410;
				TargetAttributes = {
					1EFB7E9D2A1A87FD000FFCAA = {
						CreatedOnToolsVersion = 14.1;
					};
				};
			};
			buildConfigurationList = 1EFB7E992A1A87FD000FFCAA /* Build configuration list for PBXProject "Recipes" */;
			compatibilityVersion = "Xcode 14.0";
			developmentRegion = en;
			hasScannedForEncodings = 0;
			knownRegions = (
				en,
				Base,
			);
			mainGroup = 1EFB7E952A1A87FD000FFCAA;
			productRefGroup = 1EFB7E9F2A1A87FD000FFCAA /* Products */;
			projectDirPath = "";
			projectRoot = "";
			targets = (
				1EFB7E9D2A1A87FD000FFCAA /* Recipes */,
			);
		};
/* End PBXProject section */

/* Begin PBXResourcesBuildPhase section */
		1EFB7E9C2A1A87FD000FFCAA /* Resources */ = {
			isa = PBXResourcesBuildPhase;
			buildActionMask = 2147483647;
			files = (
				1EFB7EA92A1A8813000FFCAA /* Preview Assets.xcassets in Resources */,
				1EFB7EA62A1A8813000FFCAA /* Assets.xcassets in Resources */,
			);
			runOnlyForDeploymentPostprocessing = 0;
		};
/* End PBXResourcesBuildPhase section */

/* Begin PBXSourcesBuildPhase section */
		1EFB7E9A2A1A87FD000FFCAA /* Sources */ = {
			isa = PBXSourcesBuildPhase;
			buildActionMask = 2147483647;
			files = (
				1EB4EB932A22AFE900CF5D35 /* AddRecipeView.swift in Sources */,
				1EFB7EB62A1A8903000FFCAA /* HomeView.swift in Sources */,
				1EFB7EC52A1AD902000FFCAA /* RecipeCard.swift in Sources */,
				1EFB7EBF2A1A895F000FFCAA /* CategoriesView.swift in Sources */,
				1EFB7EB92A1A891D000FFCAA /* SettingsView.swift in Sources */,
				1EFB7EC12A1A8C49000FFCAA /* TabBar.swift in Sources */,
				1EFB7ECB2A1AEA95000FFCAA /* CategoryView.swift in Sources */,
				1EFB7EA42A1A87FD000FFCAA /* ContentView.swift in Sources */,
				1E8C7DC22A23D1AC000D0BF3 /* AuthorCard.swift in Sources */,
				1EFB7EC92A1AE1F9000FFCAA /* RecipeView.swift in Sources */,
				1E8C7DC02A239BC8000D0BF3 /* RecipePlaceholder.swift in Sources */,
				1EFB7EC72A1ADCE6000FFCAA /* RecipeList.swift in Sources */,
				1EFB7EBB2A1A892D000FFCAA /* FavoritesView.swift in Sources */,
				1EB4EB952A22B5A400CF5D35 /* RecipesViewModel.swift in Sources */,
				1EFB7EA22A1A87FD000FFCAA /* RecipesApp.swift in Sources */,
				1EFB7EC32A1A8DCD000FFCAA /* RecipeModel.swift in Sources */,
			);
			runOnlyForDeploymentPostprocessing = 0;
		};
/* End PBXSourcesBuildPhase section */

/* Begin XCBuildConfiguration section */
		1EFB7EAA2A1A8813000FFCAA /* Debug */ = {
			isa = XCBuildConfiguration;
			buildSettings = {
				ALWAYS_SEARCH_USER_PATHS = NO;
				CLANG_ANALYZER_NONNULL = YES;
				CLANG_ANALYZER_NUMBER_OBJECT_CONVERSION = YES_AGGRESSIVE;
				CLANG_CXX_LANGUAGE_STANDARD = "gnu++20";
				CLANG_ENABLE_MODULES = YES;
				CLANG_ENABLE_OBJC_ARC = YES;
				CLANG_ENABLE_OBJC_WEAK = YES;
				CLANG_WARN_BLOCK_CAPTURE_AUTORELEASING = YES;
				CLANG_WARN_BOOL_CONVERSION = YES;
				CLANG_WARN_COMMA = YES;
				CLANG_WARN_CONSTANT_CONVERSION = YES;
				CLANG_WARN_DEPRECATED_OBJC_IMPLEMENTATIONS = YES;
				CLANG_WARN_DIRECT_OBJC_ISA_USAGE = YES_ERROR;
				CLANG_WARN_DOCUMENTATION_COMMENTS = YES;
				CLANG_WARN_EMPTY_BODY = YES;
				CLANG_WARN_ENUM_CONVERSION = YES;
				CLANG_WARN_INFINITE_RECURSION = YES;
				CLANG_WARN_INT_CONVERSION = YES;
				CLANG_WARN_NON_LITERAL_NULL_CONVERSION = YES;
				CLANG_WARN_OBJC_IMPLICIT_RETAIN_SELF = YES;
				CLANG_WARN_OBJC_LITERAL_CONVERSION = YES;
				CLANG_WARN_OBJC_ROOT_CLASS = YES_ERROR;
				CLANG_WARN_QUOTED_INCLUDE_IN_FRAMEWORK_HEADER = YES;
				CLANG_WARN_RANGE_LOOP_ANALYSIS = YES;
				CLANG_WARN_STRICT_PROTOTYPES = YES;
				CLANG_WARN_SUSPICIOUS_MOVE = YES;
				CLANG_WARN_UNGUARDED_AVAILABILITY = YES_AGGRESSIVE;
				CLANG_WARN_UNREACHABLE_CODE = YES;
				CLANG_WARN__DUPLICATE_METHOD_MATCH = YES;
				COPY_PHASE_STRIP = NO;
				DEBUG_INFORMATION_FORMAT = dwarf;
				ENABLE_STRICT_OBJC_MSGSEND = YES;
				ENABLE_TESTABILITY = YES;
				GCC_C_LANGUAGE_STANDARD = gnu11;
				GCC_DYNAMIC_NO_PIC = NO;
				GCC_NO_COMMON_BLOCKS = YES;
				GCC_OPTIMIZATION_LEVEL = 0;
				GCC_PREPROCESSOR_DEFINITIONS = (
					"DEBUG=1",
					"$(inherited)",
				);
				GCC_WARN_64_TO_32_BIT_CONVERSION = YES;
				GCC_WARN_ABOUT_RETURN_TYPE = YES_ERROR;
				GCC_WARN_UNDECLARED_SELECTOR = YES;
				GCC_WARN_UNINITIALIZED_AUTOS = YES_AGGRESSIVE;
				GCC_WARN_UNUSED_FUNCTION = YES;
				GCC_WARN_UNUSED_VARIABLE = YES;
				IPHONEOS_DEPLOYMENT_TARGET = 16.1;
				MTL_ENABLE_DEBUG_INFO = INCLUDE_SOURCE;
				MTL_FAST_MATH = YES;
				ONLY_ACTIVE_ARCH = YES;
				SDKROOT = iphoneos;
				SWIFT_ACTIVE_COMPILATION_CONDITIONS = DEBUG;
				SWIFT_OPTIMIZATION_LEVEL = "-Onone";
			};
			name = Debug;
		};
		1EFB7EAB2A1A8813000FFCAA /* Release */ = {
			isa = XCBuildConfiguration;
			buildSettings = {
				ALWAYS_SEARCH_USER_PATHS = NO;
				CLANG_ANALYZER_NONNULL = YES;
				CLANG_ANALYZER_NUMBER_OBJECT_CONVERSION = YES_AGGRESSIVE;
				CLANG_CXX_LANGUAGE_STANDARD = "gnu++20";
				CLANG_ENABLE_MODULES = YES;
				CLANG_ENABLE_OBJC_ARC = YES;
				CLANG_ENABLE_OBJC_WEAK = YES;
				CLANG_WARN_BLOCK_CAPTURE_AUTORELEASING = YES;
				CLANG_WARN_BOOL_CONVERSION = YES;
				CLANG_WARN_COMMA = YES;
				CLANG_WARN_CONSTANT_CONVERSION = YES;
				CLANG_WARN_DEPRECATED_OBJC_IMPLEMENTATIONS = YES;
				CLANG_WARN_DIRECT_OBJC_ISA_USAGE = YES_ERROR;
				CLANG_WARN_DOCUMENTATION_COMMENTS = YES;
				CLANG_WARN_EMPTY_BODY = YES;
				CLANG_WARN_ENUM_CONVERSION = YES;
				CLANG_WARN_INFINITE_RECURSION = YES;
				CLANG_WARN_INT_CONVERSION = YES;
				CLANG_WARN_NON_LITERAL_NULL_CONVERSION = YES;
				CLANG_WARN_OBJC_IMPLICIT_RETAIN_SELF = YES;
				CLANG_WARN_OBJC_LITERAL_CONVERSION = YES;
				CLANG_WARN_OBJC_ROOT_CLASS = YES_ERROR;
				CLANG_WARN_QUOTED_INCLUDE_IN_FRAMEWORK_HEADER = YES;
				CLANG_WARN_RANGE_LOOP_ANALYSIS = YES;
				CLANG_WARN_STRICT_PROTOTYPES = YES;
				CLANG_WARN_SUSPICIOUS_MOVE = YES;
				CLANG_WARN_UNGUARDED_AVAILABILITY = YES_AGGRESSIVE;
				CLANG_WARN_UNREACHABLE_CODE = YES;
				CLANG_WARN__DUPLICATE_METHOD_MATCH = YES;
				COPY_PHASE_STRIP = NO;
				DEBUG_INFORMATION_FORMAT = "dwarf-with-dsym";
				ENABLE_NS_ASSERTIONS = NO;
				ENABLE_STRICT_OBJC_MSGSEND = YES;
				GCC_C_LANGUAGE_STANDARD = gnu11;
				GCC_NO_COMMON_BLOCKS = YES;
				GCC_WARN_64_TO_32_BIT_CONVERSION = YES;
				GCC_WARN_ABOUT_RETURN_TYPE = YES_ERROR;
				GCC_WARN_UNDECLARED_SELECTOR = YES;
				GCC_WARN_UNINITIALIZED_AUTOS = YES_AGGRESSIVE;
				GCC_WARN_UNUSED_FUNCTION = YES;
				GCC_WARN_UNUSED_VARIABLE = YES;
				IPHONEOS_DEPLOYMENT_TARGET = 16.1;
				MTL_ENABLE_DEBUG_INFO = NO;
				MTL_FAST_MATH = YES;
				SDKROOT = iphoneos;
				SWIFT_COMPILATION_MODE = wholemodule;
				SWIFT_OPTIMIZATION_LEVEL = "-O";
				VALIDATE_PRODUCT = YES;
			};
			name = Release;
		};
		1EFB7EAD2A1A8813000FFCAA /* Debug */ = {
			isa = XCBuildConfiguration;
			buildSettings = {
				ASSETCATALOG_COMPILER_APPICON_NAME = AppIcon;
				ASSETCATALOG_COMPILER_GLOBAL_ACCENT_COLOR_NAME = AccentColor;
				CODE_SIGN_STYLE = Automatic;
				CURRENT_PROJECT_VERSION = 1;
				DEVELOPMENT_ASSET_PATHS = "\"Recipes/Preview Content\"";
				DEVELOPMENT_TEAM = JL34VC68DN;
				ENABLE_PREVIEWS = YES;
				GENERATE_INFOPLIST_FILE = YES;
				INFOPLIST_KEY_CFBundleDisplayName = Recipes;
				INFOPLIST_KEY_LSApplicationCategoryType = "public.app-category.food-and-drink";
				INFOPLIST_KEY_UIApplicationSceneManifest_Generation = YES;
				INFOPLIST_KEY_UIApplicationSupportsIndirectInputEvents = YES;
				INFOPLIST_KEY_UILaunchScreen_Generation = YES;
				INFOPLIST_KEY_UISupportedInterfaceOrientations_iPad = "UIInterfaceOrientationPortrait UIInterfaceOrientationPortraitUpsideDown UIInterfaceOrientationLandscapeLeft UIInterfaceOrientationLandscapeRight";
				INFOPLIST_KEY_UISupportedInterfaceOrientations_iPhone = "UIInterfaceOrientationPortrait UIInterfaceOrientationLandscapeLeft UIInterfaceOrientationLandscapeRight";
				IPHONEOS_DEPLOYMENT_TARGET = 16.0;
				LD_RUNPATH_SEARCH_PATHS = (
					"$(inherited)",
					"@executable_path/Frameworks",
				);
				MARKETING_VERSION = 1.0;
				PRODUCT_BUNDLE_IDENTIFIER = com.ashborn.Recipes;
				PRODUCT_NAME = "$(TARGET_NAME)";
				SWIFT_EMIT_LOC_STRINGS = YES;
				SWIFT_VERSION = 5.0;
				TARGETED_DEVICE_FAMILY = "1,2";
			};
			name = Debug;
		};
		1EFB7EAE2A1A8813000FFCAA /* Release */ = {
			isa = XCBuildConfiguration;
			buildSettings = {
				ASSETCATALOG_COMPILER_APPICON_NAME = AppIcon;
				ASSETCATALOG_COMPILER_GLOBAL_ACCENT_COLOR_NAME = AccentColor;
				CODE_SIGN_STYLE = Automatic;
				CURRENT_PROJECT_VERSION = 1;
				DEVELOPMENT_ASSET_PATHS = "\"Recipes/Preview Content\"";
				DEVELOPMENT_TEAM = JL34VC68DN;
				ENABLE_PREVIEWS = YES;
				GENERATE_INFOPLIST_FILE = YES;
				INFOPLIST_KEY_CFBundleDisplayName = Recipes;
				INFOPLIST_KEY_LSApplicationCategoryType = "public.app-category.food-and-drink";
				INFOPLIST_KEY_UIApplicationSceneManifest_Generation = YES;
				INFOPLIST_KEY_UIApplicationSupportsIndirectInputEvents = YES;
				INFOPLIST_KEY_UILaunchScreen_Generation = YES;
				INFOPLIST_KEY_UISupportedInterfaceOrientations_iPad = "UIInterfaceOrientationPortrait UIInterfaceOrientationPortraitUpsideDown UIInterfaceOrientationLandscapeLeft UIInterfaceOrientationLandscapeRight";
				INFOPLIST_KEY_UISupportedInterfaceOrientations_iPhone = "UIInterfaceOrientationPortrait UIInterfaceOrientationLandscapeLeft UIInterfaceOrientationLandscapeRight";
				IPHONEOS_DEPLOYMENT_TARGET = 16.0;
				LD_RUNPATH_SEARCH_PATHS = (
					"$(inherited)",
					"@executable_path/Frameworks",
				);
				MARKETING_VERSION = 1.0;
				PRODUCT_BUNDLE_IDENTIFIER = com.ashborn.Recipes;
				PRODUCT_NAME = "$(TARGET_NAME)";
				SWIFT_EMIT_LOC_STRINGS = YES;
				SWIFT_VERSION = 5.0;
				TARGETED_DEVICE_FAMILY = "1,2";
			};
			name = Release;
		};
/* End XCBuildConfiguration section */

/* Begin XCConfigurationList section */
		1EFB7E992A1A87FD000FFCAA /* Build configuration list for PBXProject "Recipes" */ = {
			isa = XCConfigurationList;
			buildConfigurations = (
				1EFB7EAA2A1A8813000FFCAA /* Debug */,
				1EFB7EAB2A1A8813000FFCAA /* Release */,
			);
			defaultConfigurationIsVisible = 0;
			defaultConfigurationName = Release;
		};
		1EFB7EAC2A1A8813000FFCAA /* Build configuration list for PBXNativeTarget "Recipes" */ = {
			isa = XCConfigurationList;
			buildConfigurations = (
				1EFB7EAD2A1A8813000FFCAA /* Debug */,
				1EFB7EAE2A1A8813000FFCAA /* Release */,
			);
			defaultConfigurationIsVisible = 0;
			defaultConfigurationName = Release;
		};
/* End XCConfigurationList section */
	};
	rootObject = 1EFB7E962A1A87FD000FFCAA /* Project object */;
}
